// !$*UTF8*$!
{
	archiveVersion = 1;
	classes = {
	};
	objectVersion = 46;
	objects = {

/* Begin PBXBuildFile section */
		00E356F31AD99517003FC87E /* helpchat_patientenTests.m in Sources */ = {isa = PBXBuildFile; fileRef = 00E356F21AD99517003FC87E /* helpchat_patientenTests.m */; };
		06C1FEDB99E3439A96C283E0 /* FontAwesome5_Regular.ttf in Resources */ = {isa = PBXBuildFile; fileRef = 2BF7288ED1F3420D8DB5915E /* FontAwesome5_Regular.ttf */; };
		0B7AAA3E9AEC4411ADE0B7E0 /* rubicon-icon-font.ttf in Resources */ = {isa = PBXBuildFile; fileRef = 3A9BF6830F5644069BBC2405 /* rubicon-icon-font.ttf */; };
		0C54B4DC741242F42B041D62 /* libPods-helpchat_patienten-tvOS.a in Frameworks */ = {isa = PBXBuildFile; fileRef = 95D40E1D25DED6AEAC56D297 /* libPods-helpchat_patienten-tvOS.a */; };
		0FDBB3DC53FF46E588786939 /* EvilIcons.ttf in Resources */ = {isa = PBXBuildFile; fileRef = E6B57C83B5914AFCA299794F /* EvilIcons.ttf */; };
		13B07FBC1A68108700A75B9A /* AppDelegate.m in Sources */ = {isa = PBXBuildFile; fileRef = 13B07FB01A68108700A75B9A /* AppDelegate.m */; };
		13B07FBF1A68108700A75B9A /* Images.xcassets in Resources */ = {isa = PBXBuildFile; fileRef = 13B07FB51A68108700A75B9A /* Images.xcassets */; };
		13B07FC11A68108700A75B9A /* main.m in Sources */ = {isa = PBXBuildFile; fileRef = 13B07FB71A68108700A75B9A /* main.m */; };
		18165BC361AC41408756CA08 /* Roboto.ttf in Resources */ = {isa = PBXBuildFile; fileRef = 9B65DB34E5774055ACAD5FE7 /* Roboto.ttf */; };
		19D1B0F1F81E37DA95AB59A7 /* libPods-helpchat_patienten-helpchat_patientenTests.a in Frameworks */ = {isa = PBXBuildFile; fileRef = E33EB2D81400B0014D18CCB5 /* libPods-helpchat_patienten-helpchat_patientenTests.a */; };
		21DE712288F8493E9C5D5035 /* AntDesign.ttf in Resources */ = {isa = PBXBuildFile; fileRef = 9C7AD5E1398B48208BB22870 /* AntDesign.ttf */; };
		2D02E4BC1E0B4A80006451C7 /* AppDelegate.m in Sources */ = {isa = PBXBuildFile; fileRef = 13B07FB01A68108700A75B9A /* AppDelegate.m */; };
		2D02E4BD1E0B4A84006451C7 /* Images.xcassets in Resources */ = {isa = PBXBuildFile; fileRef = 13B07FB51A68108700A75B9A /* Images.xcassets */; };
		2D02E4BF1E0B4AB3006451C7 /* main.m in Sources */ = {isa = PBXBuildFile; fileRef = 13B07FB71A68108700A75B9A /* main.m */; };
		2D14067B66824D748E01F89A /* Roboto_medium.ttf in Resources */ = {isa = PBXBuildFile; fileRef = 646FDBF995E945DCBED6DBBC /* Roboto_medium.ttf */; };
		2DCD954D1E0B4F2C00145EB5 /* helpchat_patientenTests.m in Sources */ = {isa = PBXBuildFile; fileRef = 00E356F21AD99517003FC87E /* helpchat_patientenTests.m */; };
		30DB3809E70A5AB81E5BF799 /* libPods-helpchat_patienten.a in Frameworks */ = {isa = PBXBuildFile; fileRef = 281E29C498CBE1AB33AE5E48 /* libPods-helpchat_patienten.a */; };
		3EF4D8A77C194107A314D72B /* Zocial.ttf in Resources */ = {isa = PBXBuildFile; fileRef = B0C95A667C784099B8C25F9C /* Zocial.ttf */; };
		6D94D5C771A041D9B8CDB8E2 /* MaterialIcons.ttf in Resources */ = {isa = PBXBuildFile; fileRef = C03C010A07874AA5BF1FEF5F /* MaterialIcons.ttf */; };
		722D55C03ABB491998BBFEE2 /* Fontisto.ttf in Resources */ = {isa = PBXBuildFile; fileRef = 18FDE4118A75492CB2ABFFF6 /* Fontisto.ttf */; };
		7CBE635A8D0245BE813E09FA /* Entypo.ttf in Resources */ = {isa = PBXBuildFile; fileRef = 541E3C19A6C04C6A8C3568C4 /* Entypo.ttf */; };
		81AB9BB82411601600AC10FF /* LaunchScreen.storyboard in Resources */ = {isa = PBXBuildFile; fileRef = 81AB9BB72411601600AC10FF /* LaunchScreen.storyboard */; };
		88C35EDEF8D7B0B424F523C6 /* libPods-helpchat_patienten-tvOSTests.a in Frameworks */ = {isa = PBXBuildFile; fileRef = 51997888925B2ADAD7715F0E /* libPods-helpchat_patienten-tvOSTests.a */; };
		8C8094D8AEF8413E835878BA /* Feather.ttf in Resources */ = {isa = PBXBuildFile; fileRef = DD0F36F9C47C4B23AB05DA64 /* Feather.ttf */; };
		AC93A6CB36654B5A87A18C5A /* FontAwesome5_Brands.ttf in Resources */ = {isa = PBXBuildFile; fileRef = 99A0ECA383A9476D93379071 /* FontAwesome5_Brands.ttf */; };
		ACB8E0D0A48D42C09B78D0E5 /* SimpleLineIcons.ttf in Resources */ = {isa = PBXBuildFile; fileRef = 2A9FCE47607A4A37A827842B /* SimpleLineIcons.ttf */; };
		B307EF6B091F493F9A2F4F91 /* FontAwesome.ttf in Resources */ = {isa = PBXBuildFile; fileRef = 4E09A1C0872644798E2C0DE2 /* FontAwesome.ttf */; };
		BD3E20C3E66E45A4862FC31E /* Ionicons.ttf in Resources */ = {isa = PBXBuildFile; fileRef = CC426C8CB2E146F9B3B5D02C /* Ionicons.ttf */; };
		BF306FB6BC764B3AA573EE06 /* MaterialCommunityIcons.ttf in Resources */ = {isa = PBXBuildFile; fileRef = 5D9E18874C724C2585673219 /* MaterialCommunityIcons.ttf */; };
		F7928E5DD07849B6A661463A /* Foundation.ttf in Resources */ = {isa = PBXBuildFile; fileRef = F32A31AE6C7F42AD821592BD /* Foundation.ttf */; };
		F85D1EE6F0844F5DB87878DF /* Octicons.ttf in Resources */ = {isa = PBXBuildFile; fileRef = 67F25FF7547D426585B8FB01 /* Octicons.ttf */; };
		FAE876D9A30848DDBB92C5E1 /* FontAwesome5_Solid.ttf in Resources */ = {isa = PBXBuildFile; fileRef = 58F2803ACD11466DAAC0016D /* FontAwesome5_Solid.ttf */; };
		0455B1D485FA4378AB482DED /* Montserrat.ttf in Resources */ = {isa = PBXBuildFile; fileRef = B3687C0615C540F2AE76B01C /* Montserrat.ttf */; };
/* End PBXBuildFile section */

/* Begin PBXContainerItemProxy section */
		00E356F41AD99517003FC87E /* PBXContainerItemProxy */ = {
			isa = PBXContainerItemProxy;
			containerPortal = 83CBB9F71A601CBA00E9B192 /* Project object */;
			proxyType = 1;
			remoteGlobalIDString = 13B07F861A680F5B00A75B9A;
			remoteInfo = helpchat_patienten;
		};
		2D02E4911E0B4A5D006451C7 /* PBXContainerItemProxy */ = {
			isa = PBXContainerItemProxy;
			containerPortal = 83CBB9F71A601CBA00E9B192 /* Project object */;
			proxyType = 1;
			remoteGlobalIDString = 2D02E47A1E0B4A5D006451C7;
			remoteInfo = "helpchat_patienten-tvOS";
		};
/* End PBXContainerItemProxy section */

/* Begin PBXFileReference section */
		008F07F21AC5B25A0029DE68 /* main.jsbundle */ = {isa = PBXFileReference; fileEncoding = 4; lastKnownFileType = text; path = main.jsbundle; sourceTree = "<group>"; };
		00E356EE1AD99517003FC87E /* helpchat_patientenTests.xctest */ = {isa = PBXFileReference; explicitFileType = wrapper.cfbundle; includeInIndex = 0; path = helpchat_patientenTests.xctest; sourceTree = BUILT_PRODUCTS_DIR; };
		00E356F11AD99517003FC87E /* Info.plist */ = {isa = PBXFileReference; lastKnownFileType = text.plist.xml; path = Info.plist; sourceTree = "<group>"; };
		00E356F21AD99517003FC87E /* helpchat_patientenTests.m */ = {isa = PBXFileReference; lastKnownFileType = sourcecode.c.objc; path = helpchat_patientenTests.m; sourceTree = "<group>"; };
		13B07F961A680F5B00A75B9A /* helpchat_patienten.app */ = {isa = PBXFileReference; explicitFileType = wrapper.application; includeInIndex = 0; path = helpchat_patienten.app; sourceTree = BUILT_PRODUCTS_DIR; };
		13B07FAF1A68108700A75B9A /* AppDelegate.h */ = {isa = PBXFileReference; fileEncoding = 4; lastKnownFileType = sourcecode.c.h; name = AppDelegate.h; path = helpchat_patienten/AppDelegate.h; sourceTree = "<group>"; };
		13B07FB01A68108700A75B9A /* AppDelegate.m */ = {isa = PBXFileReference; fileEncoding = 4; lastKnownFileType = sourcecode.c.objc; name = AppDelegate.m; path = helpchat_patienten/AppDelegate.m; sourceTree = "<group>"; };
		13B07FB51A68108700A75B9A /* Images.xcassets */ = {isa = PBXFileReference; lastKnownFileType = folder.assetcatalog; name = Images.xcassets; path = helpchat_patienten/Images.xcassets; sourceTree = "<group>"; };
		13B07FB61A68108700A75B9A /* Info.plist */ = {isa = PBXFileReference; fileEncoding = 4; lastKnownFileType = text.plist.xml; name = Info.plist; path = helpchat_patienten/Info.plist; sourceTree = "<group>"; };
		13B07FB71A68108700A75B9A /* main.m */ = {isa = PBXFileReference; fileEncoding = 4; lastKnownFileType = sourcecode.c.objc; name = main.m; path = helpchat_patienten/main.m; sourceTree = "<group>"; };
		18FDE4118A75492CB2ABFFF6 /* Fontisto.ttf */ = {isa = PBXFileReference; explicitFileType = undefined; fileEncoding = 9; includeInIndex = 0; lastKnownFileType = unknown; name = Fontisto.ttf; path = "../node_modules/native-base/Fonts/Fontisto.ttf"; sourceTree = "<group>"; };
		281E29C498CBE1AB33AE5E48 /* libPods-helpchat_patienten.a */ = {isa = PBXFileReference; explicitFileType = archive.ar; includeInIndex = 0; path = "libPods-helpchat_patienten.a"; sourceTree = BUILT_PRODUCTS_DIR; };
		2A9FCE47607A4A37A827842B /* SimpleLineIcons.ttf */ = {isa = PBXFileReference; explicitFileType = undefined; fileEncoding = 9; includeInIndex = 0; lastKnownFileType = unknown; name = SimpleLineIcons.ttf; path = "../node_modules/native-base/Fonts/SimpleLineIcons.ttf"; sourceTree = "<group>"; };
		2BF7288ED1F3420D8DB5915E /* FontAwesome5_Regular.ttf */ = {isa = PBXFileReference; explicitFileType = undefined; fileEncoding = 9; includeInIndex = 0; lastKnownFileType = unknown; name = FontAwesome5_Regular.ttf; path = "../node_modules/native-base/Fonts/FontAwesome5_Regular.ttf"; sourceTree = "<group>"; };
		2D02E47B1E0B4A5D006451C7 /* helpchat_patienten-tvOS.app */ = {isa = PBXFileReference; explicitFileType = wrapper.application; includeInIndex = 0; path = "helpchat_patienten-tvOS.app"; sourceTree = BUILT_PRODUCTS_DIR; };
		2D02E4901E0B4A5D006451C7 /* helpchat_patienten-tvOSTests.xctest */ = {isa = PBXFileReference; explicitFileType = wrapper.cfbundle; includeInIndex = 0; path = "helpchat_patienten-tvOSTests.xctest"; sourceTree = BUILT_PRODUCTS_DIR; };
		337A8801F62CA6FFA4341860 /* Pods-helpchat_patienten-tvOSTests.release.xcconfig */ = {isa = PBXFileReference; includeInIndex = 1; lastKnownFileType = text.xcconfig; name = "Pods-helpchat_patienten-tvOSTests.release.xcconfig"; path = "Target Support Files/Pods-helpchat_patienten-tvOSTests/Pods-helpchat_patienten-tvOSTests.release.xcconfig"; sourceTree = "<group>"; };
		3A9BF6830F5644069BBC2405 /* rubicon-icon-font.ttf */ = {isa = PBXFileReference; explicitFileType = undefined; fileEncoding = 9; includeInIndex = 0; lastKnownFileType = unknown; name = "rubicon-icon-font.ttf"; path = "../node_modules/native-base/Fonts/rubicon-icon-font.ttf"; sourceTree = "<group>"; };
		4E09A1C0872644798E2C0DE2 /* FontAwesome.ttf */ = {isa = PBXFileReference; explicitFileType = undefined; fileEncoding = 9; includeInIndex = 0; lastKnownFileType = unknown; name = FontAwesome.ttf; path = "../node_modules/native-base/Fonts/FontAwesome.ttf"; sourceTree = "<group>"; };
		50C2B489BBAA994D93807897 /* Pods-helpchat_patienten-helpchat_patientenTests.release.xcconfig */ = {isa = PBXFileReference; includeInIndex = 1; lastKnownFileType = text.xcconfig; name = "Pods-helpchat_patienten-helpchat_patientenTests.release.xcconfig"; path = "Target Support Files/Pods-helpchat_patienten-helpchat_patientenTests/Pods-helpchat_patienten-helpchat_patientenTests.release.xcconfig"; sourceTree = "<group>"; };
		51997888925B2ADAD7715F0E /* libPods-helpchat_patienten-tvOSTests.a */ = {isa = PBXFileReference; explicitFileType = archive.ar; includeInIndex = 0; path = "libPods-helpchat_patienten-tvOSTests.a"; sourceTree = BUILT_PRODUCTS_DIR; };
		541E3C19A6C04C6A8C3568C4 /* Entypo.ttf */ = {isa = PBXFileReference; explicitFileType = undefined; fileEncoding = 9; includeInIndex = 0; lastKnownFileType = unknown; name = Entypo.ttf; path = "../node_modules/native-base/Fonts/Entypo.ttf"; sourceTree = "<group>"; };
		56720A6521E71619880DF267 /* Pods-helpchat_patienten-helpchat_patientenTests.debug.xcconfig */ = {isa = PBXFileReference; includeInIndex = 1; lastKnownFileType = text.xcconfig; name = "Pods-helpchat_patienten-helpchat_patientenTests.debug.xcconfig"; path = "Target Support Files/Pods-helpchat_patienten-helpchat_patientenTests/Pods-helpchat_patienten-helpchat_patientenTests.debug.xcconfig"; sourceTree = "<group>"; };
		58F2803ACD11466DAAC0016D /* FontAwesome5_Solid.ttf */ = {isa = PBXFileReference; explicitFileType = undefined; fileEncoding = 9; includeInIndex = 0; lastKnownFileType = unknown; name = FontAwesome5_Solid.ttf; path = "../node_modules/native-base/Fonts/FontAwesome5_Solid.ttf"; sourceTree = "<group>"; };
		5D9E18874C724C2585673219 /* MaterialCommunityIcons.ttf */ = {isa = PBXFileReference; explicitFileType = undefined; fileEncoding = 9; includeInIndex = 0; lastKnownFileType = unknown; name = MaterialCommunityIcons.ttf; path = "../node_modules/native-base/Fonts/MaterialCommunityIcons.ttf"; sourceTree = "<group>"; };
		646FDBF995E945DCBED6DBBC /* Roboto_medium.ttf */ = {isa = PBXFileReference; explicitFileType = undefined; fileEncoding = 9; includeInIndex = 0; lastKnownFileType = unknown; name = Roboto_medium.ttf; path = "../node_modules/native-base/Fonts/Roboto_medium.ttf"; sourceTree = "<group>"; };
		67F25FF7547D426585B8FB01 /* Octicons.ttf */ = {isa = PBXFileReference; explicitFileType = undefined; fileEncoding = 9; includeInIndex = 0; lastKnownFileType = unknown; name = Octicons.ttf; path = "../node_modules/native-base/Fonts/Octicons.ttf"; sourceTree = "<group>"; };
		7CE46021142B5DD906EDF91F /* Pods-helpchat_patienten-tvOSTests.debug.xcconfig */ = {isa = PBXFileReference; includeInIndex = 1; lastKnownFileType = text.xcconfig; name = "Pods-helpchat_patienten-tvOSTests.debug.xcconfig"; path = "Target Support Files/Pods-helpchat_patienten-tvOSTests/Pods-helpchat_patienten-tvOSTests.debug.xcconfig"; sourceTree = "<group>"; };
		7EBB526AFD58E0BEFB6E9B1F /* Pods-helpchat_patienten-tvOS.debug.xcconfig */ = {isa = PBXFileReference; includeInIndex = 1; lastKnownFileType = text.xcconfig; name = "Pods-helpchat_patienten-tvOS.debug.xcconfig"; path = "Target Support Files/Pods-helpchat_patienten-tvOS/Pods-helpchat_patienten-tvOS.debug.xcconfig"; sourceTree = "<group>"; };
		81AB9BB72411601600AC10FF /* LaunchScreen.storyboard */ = {isa = PBXFileReference; fileEncoding = 4; lastKnownFileType = file.storyboard; name = LaunchScreen.storyboard; path = helpchat_patienten/LaunchScreen.storyboard; sourceTree = "<group>"; };
		928874EAC8C487D6035C356B /* Pods-helpchat_patienten.debug.xcconfig */ = {isa = PBXFileReference; includeInIndex = 1; lastKnownFileType = text.xcconfig; name = "Pods-helpchat_patienten.debug.xcconfig"; path = "Target Support Files/Pods-helpchat_patienten/Pods-helpchat_patienten.debug.xcconfig"; sourceTree = "<group>"; };
		95D40E1D25DED6AEAC56D297 /* libPods-helpchat_patienten-tvOS.a */ = {isa = PBXFileReference; explicitFileType = archive.ar; includeInIndex = 0; path = "libPods-helpchat_patienten-tvOS.a"; sourceTree = BUILT_PRODUCTS_DIR; };
		987B5A64A4526A85992A45DC /* Pods-helpchat_patienten.release.xcconfig */ = {isa = PBXFileReference; includeInIndex = 1; lastKnownFileType = text.xcconfig; name = "Pods-helpchat_patienten.release.xcconfig"; path = "Target Support Files/Pods-helpchat_patienten/Pods-helpchat_patienten.release.xcconfig"; sourceTree = "<group>"; };
		99A0ECA383A9476D93379071 /* FontAwesome5_Brands.ttf */ = {isa = PBXFileReference; explicitFileType = undefined; fileEncoding = 9; includeInIndex = 0; lastKnownFileType = unknown; name = FontAwesome5_Brands.ttf; path = "../node_modules/native-base/Fonts/FontAwesome5_Brands.ttf"; sourceTree = "<group>"; };
		9B65DB34E5774055ACAD5FE7 /* Roboto.ttf */ = {isa = PBXFileReference; explicitFileType = undefined; fileEncoding = 9; includeInIndex = 0; lastKnownFileType = unknown; name = Roboto.ttf; path = "../node_modules/native-base/Fonts/Roboto.ttf"; sourceTree = "<group>"; };
		9C7AD5E1398B48208BB22870 /* AntDesign.ttf */ = {isa = PBXFileReference; explicitFileType = undefined; fileEncoding = 9; includeInIndex = 0; lastKnownFileType = unknown; name = AntDesign.ttf; path = "../node_modules/native-base/Fonts/AntDesign.ttf"; sourceTree = "<group>"; };
		B0C95A667C784099B8C25F9C /* Zocial.ttf */ = {isa = PBXFileReference; explicitFileType = undefined; fileEncoding = 9; includeInIndex = 0; lastKnownFileType = unknown; name = Zocial.ttf; path = "../node_modules/native-base/Fonts/Zocial.ttf"; sourceTree = "<group>"; };
		B1D68ED3556EC5FCE1A007D7 /* Pods-helpchat_patienten-tvOS.release.xcconfig */ = {isa = PBXFileReference; includeInIndex = 1; lastKnownFileType = text.xcconfig; name = "Pods-helpchat_patienten-tvOS.release.xcconfig"; path = "Target Support Files/Pods-helpchat_patienten-tvOS/Pods-helpchat_patienten-tvOS.release.xcconfig"; sourceTree = "<group>"; };
		C03C010A07874AA5BF1FEF5F /* MaterialIcons.ttf */ = {isa = PBXFileReference; explicitFileType = undefined; fileEncoding = 9; includeInIndex = 0; lastKnownFileType = unknown; name = MaterialIcons.ttf; path = "../node_modules/native-base/Fonts/MaterialIcons.ttf"; sourceTree = "<group>"; };
		CC426C8CB2E146F9B3B5D02C /* Ionicons.ttf */ = {isa = PBXFileReference; explicitFileType = undefined; fileEncoding = 9; includeInIndex = 0; lastKnownFileType = unknown; name = Ionicons.ttf; path = "../node_modules/native-base/Fonts/Ionicons.ttf"; sourceTree = "<group>"; };
		DD0F36F9C47C4B23AB05DA64 /* Feather.ttf */ = {isa = PBXFileReference; explicitFileType = undefined; fileEncoding = 9; includeInIndex = 0; lastKnownFileType = unknown; name = Feather.ttf; path = "../node_modules/native-base/Fonts/Feather.ttf"; sourceTree = "<group>"; };
		E33EB2D81400B0014D18CCB5 /* libPods-helpchat_patienten-helpchat_patientenTests.a */ = {isa = PBXFileReference; explicitFileType = archive.ar; includeInIndex = 0; path = "libPods-helpchat_patienten-helpchat_patientenTests.a"; sourceTree = BUILT_PRODUCTS_DIR; };
		E6B57C83B5914AFCA299794F /* EvilIcons.ttf */ = {isa = PBXFileReference; explicitFileType = undefined; fileEncoding = 9; includeInIndex = 0; lastKnownFileType = unknown; name = EvilIcons.ttf; path = "../node_modules/native-base/Fonts/EvilIcons.ttf"; sourceTree = "<group>"; };
		ED297162215061F000B7C4FE /* JavaScriptCore.framework */ = {isa = PBXFileReference; lastKnownFileType = wrapper.framework; name = JavaScriptCore.framework; path = System/Library/Frameworks/JavaScriptCore.framework; sourceTree = SDKROOT; };
		ED2971642150620600B7C4FE /* JavaScriptCore.framework */ = {isa = PBXFileReference; lastKnownFileType = wrapper.framework; name = JavaScriptCore.framework; path = Platforms/AppleTVOS.platform/Developer/SDKs/AppleTVOS12.0.sdk/System/Library/Frameworks/JavaScriptCore.framework; sourceTree = DEVELOPER_DIR; };
		F32A31AE6C7F42AD821592BD /* Foundation.ttf */ = {isa = PBXFileReference; explicitFileType = undefined; fileEncoding = 9; includeInIndex = 0; lastKnownFileType = unknown; name = Foundation.ttf; path = "../node_modules/native-base/Fonts/Foundation.ttf"; sourceTree = "<group>"; };
		B3687C0615C540F2AE76B01C /* Montserrat.ttf */ = {isa = PBXFileReference; name = "Montserrat.ttf"; path = "../assets/fonts/Montserrat.ttf"; sourceTree = "<group>"; fileEncoding = undefined; lastKnownFileType = unknown; explicitFileType = undefined; includeInIndex = 0; };
/* End PBXFileReference section */

/* Begin PBXFrameworksBuildPhase section */
		00E356EB1AD99517003FC87E /* Frameworks */ = {
			isa = PBXFrameworksBuildPhase;
			buildActionMask = 2147483647;
			files = (
				19D1B0F1F81E37DA95AB59A7 /* libPods-helpchat_patienten-helpchat_patientenTests.a in Frameworks */,
			);
			runOnlyForDeploymentPostprocessing = 0;
		};
		13B07F8C1A680F5B00A75B9A /* Frameworks */ = {
			isa = PBXFrameworksBuildPhase;
			buildActionMask = 2147483647;
			files = (
				30DB3809E70A5AB81E5BF799 /* libPods-helpchat_patienten.a in Frameworks */,
			);
			runOnlyForDeploymentPostprocessing = 0;
		};
		2D02E4781E0B4A5D006451C7 /* Frameworks */ = {
			isa = PBXFrameworksBuildPhase;
			buildActionMask = 2147483647;
			files = (
				0C54B4DC741242F42B041D62 /* libPods-helpchat_patienten-tvOS.a in Frameworks */,
			);
			runOnlyForDeploymentPostprocessing = 0;
		};
		2D02E48D1E0B4A5D006451C7 /* Frameworks */ = {
			isa = PBXFrameworksBuildPhase;
			buildActionMask = 2147483647;
			files = (
				88C35EDEF8D7B0B424F523C6 /* libPods-helpchat_patienten-tvOSTests.a in Frameworks */,
			);
			runOnlyForDeploymentPostprocessing = 0;
		};
/* End PBXFrameworksBuildPhase section */

/* Begin PBXGroup section */
		00E356EF1AD99517003FC87E /* helpchat_patientenTests */ = {
			isa = PBXGroup;
			children = (
				00E356F21AD99517003FC87E /* helpchat_patientenTests.m */,
				00E356F01AD99517003FC87E /* Supporting Files */,
			);
			path = helpchat_patientenTests;
			sourceTree = "<group>";
		};
		00E356F01AD99517003FC87E /* Supporting Files */ = {
			isa = PBXGroup;
			children = (
				00E356F11AD99517003FC87E /* Info.plist */,
			);
			name = "Supporting Files";
			sourceTree = "<group>";
		};
		13B07FAE1A68108700A75B9A /* helpchat_patienten */ = {
			isa = PBXGroup;
			children = (
				008F07F21AC5B25A0029DE68 /* main.jsbundle */,
				13B07FAF1A68108700A75B9A /* AppDelegate.h */,
				13B07FB01A68108700A75B9A /* AppDelegate.m */,
				13B07FB51A68108700A75B9A /* Images.xcassets */,
				13B07FB61A68108700A75B9A /* Info.plist */,
				81AB9BB72411601600AC10FF /* LaunchScreen.storyboard */,
				13B07FB71A68108700A75B9A /* main.m */,
			);
			name = helpchat_patienten;
			sourceTree = "<group>";
		};
		2A965B1B22E54B12A084EBAA /* Resources */ = {
			isa = PBXGroup;
			children = (
				9C7AD5E1398B48208BB22870 /* AntDesign.ttf */,
				541E3C19A6C04C6A8C3568C4 /* Entypo.ttf */,
				E6B57C83B5914AFCA299794F /* EvilIcons.ttf */,
				DD0F36F9C47C4B23AB05DA64 /* Feather.ttf */,
				4E09A1C0872644798E2C0DE2 /* FontAwesome.ttf */,
				99A0ECA383A9476D93379071 /* FontAwesome5_Brands.ttf */,
				2BF7288ED1F3420D8DB5915E /* FontAwesome5_Regular.ttf */,
				58F2803ACD11466DAAC0016D /* FontAwesome5_Solid.ttf */,
				18FDE4118A75492CB2ABFFF6 /* Fontisto.ttf */,
				F32A31AE6C7F42AD821592BD /* Foundation.ttf */,
				CC426C8CB2E146F9B3B5D02C /* Ionicons.ttf */,
				5D9E18874C724C2585673219 /* MaterialCommunityIcons.ttf */,
				C03C010A07874AA5BF1FEF5F /* MaterialIcons.ttf */,
				67F25FF7547D426585B8FB01 /* Octicons.ttf */,
				646FDBF995E945DCBED6DBBC /* Roboto_medium.ttf */,
				9B65DB34E5774055ACAD5FE7 /* Roboto.ttf */,
				3A9BF6830F5644069BBC2405 /* rubicon-icon-font.ttf */,
				2A9FCE47607A4A37A827842B /* SimpleLineIcons.ttf */,
				B0C95A667C784099B8C25F9C /* Zocial.ttf */,
				B3687C0615C540F2AE76B01C /* Montserrat.ttf */,
			);
			name = Resources;
			sourceTree = "<group>";
		};
		2D16E6871FA4F8E400B85C8A /* Frameworks */ = {
			isa = PBXGroup;
			children = (
				ED297162215061F000B7C4FE /* JavaScriptCore.framework */,
				ED2971642150620600B7C4FE /* JavaScriptCore.framework */,
				281E29C498CBE1AB33AE5E48 /* libPods-helpchat_patienten.a */,
				E33EB2D81400B0014D18CCB5 /* libPods-helpchat_patienten-helpchat_patientenTests.a */,
				95D40E1D25DED6AEAC56D297 /* libPods-helpchat_patienten-tvOS.a */,
				51997888925B2ADAD7715F0E /* libPods-helpchat_patienten-tvOSTests.a */,
			);
			name = Frameworks;
			sourceTree = "<group>";
		};
		832341AE1AAA6A7D00B99B32 /* Libraries */ = {
			isa = PBXGroup;
			children = (
			);
			name = Libraries;
			sourceTree = "<group>";
		};
		83CBB9F61A601CBA00E9B192 = {
			isa = PBXGroup;
			children = (
				13B07FAE1A68108700A75B9A /* helpchat_patienten */,
				832341AE1AAA6A7D00B99B32 /* Libraries */,
				00E356EF1AD99517003FC87E /* helpchat_patientenTests */,
				83CBBA001A601CBA00E9B192 /* Products */,
				2D16E6871FA4F8E400B85C8A /* Frameworks */,
				BC997E9A4F9E5D8E61F50B0E /* Pods */,
				2A965B1B22E54B12A084EBAA /* Resources */,
			);
			indentWidth = 2;
			sourceTree = "<group>";
			tabWidth = 2;
			usesTabs = 0;
		};
		83CBBA001A601CBA00E9B192 /* Products */ = {
			isa = PBXGroup;
			children = (
				13B07F961A680F5B00A75B9A /* helpchat_patienten.app */,
				00E356EE1AD99517003FC87E /* helpchat_patientenTests.xctest */,
				2D02E47B1E0B4A5D006451C7 /* helpchat_patienten-tvOS.app */,
				2D02E4901E0B4A5D006451C7 /* helpchat_patienten-tvOSTests.xctest */,
			);
			name = Products;
			sourceTree = "<group>";
		};
		BC997E9A4F9E5D8E61F50B0E /* Pods */ = {
			isa = PBXGroup;
			children = (
				928874EAC8C487D6035C356B /* Pods-helpchat_patienten.debug.xcconfig */,
				987B5A64A4526A85992A45DC /* Pods-helpchat_patienten.release.xcconfig */,
				56720A6521E71619880DF267 /* Pods-helpchat_patienten-helpchat_patientenTests.debug.xcconfig */,
				50C2B489BBAA994D93807897 /* Pods-helpchat_patienten-helpchat_patientenTests.release.xcconfig */,
				7EBB526AFD58E0BEFB6E9B1F /* Pods-helpchat_patienten-tvOS.debug.xcconfig */,
				B1D68ED3556EC5FCE1A007D7 /* Pods-helpchat_patienten-tvOS.release.xcconfig */,
				7CE46021142B5DD906EDF91F /* Pods-helpchat_patienten-tvOSTests.debug.xcconfig */,
				337A8801F62CA6FFA4341860 /* Pods-helpchat_patienten-tvOSTests.release.xcconfig */,
			);
			path = Pods;
			sourceTree = "<group>";
		};
/* End PBXGroup section */

/* Begin PBXNativeTarget section */
		00E356ED1AD99517003FC87E /* helpchat_patientenTests */ = {
			isa = PBXNativeTarget;
			buildConfigurationList = 00E357021AD99517003FC87E /* Build configuration list for PBXNativeTarget "helpchat_patientenTests" */;
			buildPhases = (
				C8E87DC6E87F723D872D3DB5 /* [CP] Check Pods Manifest.lock */,
				00E356EA1AD99517003FC87E /* Sources */,
				00E356EB1AD99517003FC87E /* Frameworks */,
				00E356EC1AD99517003FC87E /* Resources */,
				5CB07F6A287FCE2E9B7ABA3E /* [CP] Copy Pods Resources */,
			);
			buildRules = (
			);
			dependencies = (
				00E356F51AD99517003FC87E /* PBXTargetDependency */,
			);
			name = helpchat_patientenTests;
			productName = helpchat_patientenTests;
			productReference = 00E356EE1AD99517003FC87E /* helpchat_patientenTests.xctest */;
			productType = "com.apple.product-type.bundle.unit-test";
		};
		13B07F861A680F5B00A75B9A /* helpchat_patienten */ = {
			isa = PBXNativeTarget;
			buildConfigurationList = 13B07F931A680F5B00A75B9A /* Build configuration list for PBXNativeTarget "helpchat_patienten" */;
			buildPhases = (
				8CEC44544955E715576A0D38 /* [CP] Check Pods Manifest.lock */,
				FD10A7F022414F080027D42C /* Start Packager */,
				13B07F871A680F5B00A75B9A /* Sources */,
				13B07F8C1A680F5B00A75B9A /* Frameworks */,
				13B07F8E1A680F5B00A75B9A /* Resources */,
				00DD1BFF1BD5951E006B06BC /* Bundle React Native code and images */,
				BC7A91A3EC8F8445A9C3C00A /* [CP] Copy Pods Resources */,
			);
			buildRules = (
			);
			dependencies = (
			);
			name = helpchat_patienten;
			productName = helpchat_patienten;
			productReference = 13B07F961A680F5B00A75B9A /* helpchat_patienten.app */;
			productType = "com.apple.product-type.application";
		};
		2D02E47A1E0B4A5D006451C7 /* helpchat_patienten-tvOS */ = {
			isa = PBXNativeTarget;
			buildConfigurationList = 2D02E4BA1E0B4A5E006451C7 /* Build configuration list for PBXNativeTarget "helpchat_patienten-tvOS" */;
			buildPhases = (
				9668A46F28EB0C597E9E3839 /* [CP] Check Pods Manifest.lock */,
				FD10A7F122414F3F0027D42C /* Start Packager */,
				2D02E4771E0B4A5D006451C7 /* Sources */,
				2D02E4781E0B4A5D006451C7 /* Frameworks */,
				2D02E4791E0B4A5D006451C7 /* Resources */,
				2D02E4CB1E0B4B27006451C7 /* Bundle React Native Code And Images */,
			);
			buildRules = (
			);
			dependencies = (
			);
			name = "helpchat_patienten-tvOS";
			productName = "helpchat_patienten-tvOS";
			productReference = 2D02E47B1E0B4A5D006451C7 /* helpchat_patienten-tvOS.app */;
			productType = "com.apple.product-type.application";
		};
		2D02E48F1E0B4A5D006451C7 /* helpchat_patienten-tvOSTests */ = {
			isa = PBXNativeTarget;
			buildConfigurationList = 2D02E4BB1E0B4A5E006451C7 /* Build configuration list for PBXNativeTarget "helpchat_patienten-tvOSTests" */;
			buildPhases = (
				4508F6A0F111BAF240C34C3C /* [CP] Check Pods Manifest.lock */,
				2D02E48C1E0B4A5D006451C7 /* Sources */,
				2D02E48D1E0B4A5D006451C7 /* Frameworks */,
				2D02E48E1E0B4A5D006451C7 /* Resources */,
			);
			buildRules = (
			);
			dependencies = (
				2D02E4921E0B4A5D006451C7 /* PBXTargetDependency */,
			);
			name = "helpchat_patienten-tvOSTests";
			productName = "helpchat_patienten-tvOSTests";
			productReference = 2D02E4901E0B4A5D006451C7 /* helpchat_patienten-tvOSTests.xctest */;
			productType = "com.apple.product-type.bundle.unit-test";
		};
/* End PBXNativeTarget section */

/* Begin PBXProject section */
		83CBB9F71A601CBA00E9B192 /* Project object */ = {
			isa = PBXProject;
			attributes = {
				LastUpgradeCheck = 1130;
				TargetAttributes = {
					00E356ED1AD99517003FC87E = {
						CreatedOnToolsVersion = 6.2;
						DevelopmentTeam = X86WPQ6D27;
						TestTargetID = 13B07F861A680F5B00A75B9A;
					};
					13B07F861A680F5B00A75B9A = {
						DevelopmentTeam = X86WPQ6D27;
						LastSwiftMigration = 1120;
					};
					2D02E47A1E0B4A5D006451C7 = {
						CreatedOnToolsVersion = 8.2.1;
						DevelopmentTeam = X86WPQ6D27;
						ProvisioningStyle = Automatic;
					};
					2D02E48F1E0B4A5D006451C7 = {
						CreatedOnToolsVersion = 8.2.1;
						DevelopmentTeam = X86WPQ6D27;
						ProvisioningStyle = Automatic;
						TestTargetID = 2D02E47A1E0B4A5D006451C7;
					};
				};
			};
			buildConfigurationList = 83CBB9FA1A601CBA00E9B192 /* Build configuration list for PBXProject "helpchat_patienten" */;
			compatibilityVersion = "Xcode 3.2";
			developmentRegion = en;
			hasScannedForEncodings = 0;
			knownRegions = (
				en,
				Base,
			);
			mainGroup = 83CBB9F61A601CBA00E9B192;
			productRefGroup = 83CBBA001A601CBA00E9B192 /* Products */;
			projectDirPath = "";
			projectRoot = "";
			targets = (
				13B07F861A680F5B00A75B9A /* helpchat_patienten */,
				00E356ED1AD99517003FC87E /* helpchat_patientenTests */,
				2D02E47A1E0B4A5D006451C7 /* helpchat_patienten-tvOS */,
				2D02E48F1E0B4A5D006451C7 /* helpchat_patienten-tvOSTests */,
			);
		};
/* End PBXProject section */

/* Begin PBXResourcesBuildPhase section */
		00E356EC1AD99517003FC87E /* Resources */ = {
			isa = PBXResourcesBuildPhase;
			buildActionMask = 2147483647;
			files = (
			);
			runOnlyForDeploymentPostprocessing = 0;
		};
		13B07F8E1A680F5B00A75B9A /* Resources */ = {
			isa = PBXResourcesBuildPhase;
			buildActionMask = 2147483647;
			files = (
				81AB9BB82411601600AC10FF /* LaunchScreen.storyboard in Resources */,
				13B07FBF1A68108700A75B9A /* Images.xcassets in Resources */,
				21DE712288F8493E9C5D5035 /* AntDesign.ttf in Resources */,
				7CBE635A8D0245BE813E09FA /* Entypo.ttf in Resources */,
				0FDBB3DC53FF46E588786939 /* EvilIcons.ttf in Resources */,
				8C8094D8AEF8413E835878BA /* Feather.ttf in Resources */,
				B307EF6B091F493F9A2F4F91 /* FontAwesome.ttf in Resources */,
				AC93A6CB36654B5A87A18C5A /* FontAwesome5_Brands.ttf in Resources */,
				06C1FEDB99E3439A96C283E0 /* FontAwesome5_Regular.ttf in Resources */,
				FAE876D9A30848DDBB92C5E1 /* FontAwesome5_Solid.ttf in Resources */,
				722D55C03ABB491998BBFEE2 /* Fontisto.ttf in Resources */,
				F7928E5DD07849B6A661463A /* Foundation.ttf in Resources */,
				BD3E20C3E66E45A4862FC31E /* Ionicons.ttf in Resources */,
				BF306FB6BC764B3AA573EE06 /* MaterialCommunityIcons.ttf in Resources */,
				6D94D5C771A041D9B8CDB8E2 /* MaterialIcons.ttf in Resources */,
				F85D1EE6F0844F5DB87878DF /* Octicons.ttf in Resources */,
				2D14067B66824D748E01F89A /* Roboto_medium.ttf in Resources */,
				18165BC361AC41408756CA08 /* Roboto.ttf in Resources */,
				0B7AAA3E9AEC4411ADE0B7E0 /* rubicon-icon-font.ttf in Resources */,
				ACB8E0D0A48D42C09B78D0E5 /* SimpleLineIcons.ttf in Resources */,
				3EF4D8A77C194107A314D72B /* Zocial.ttf in Resources */,
				0455B1D485FA4378AB482DED /* Montserrat.ttf in Resources */,
			);
			runOnlyForDeploymentPostprocessing = 0;
		};
		2D02E4791E0B4A5D006451C7 /* Resources */ = {
			isa = PBXResourcesBuildPhase;
			buildActionMask = 2147483647;
			files = (
				2D02E4BD1E0B4A84006451C7 /* Images.xcassets in Resources */,
			);
			runOnlyForDeploymentPostprocessing = 0;
		};
		2D02E48E1E0B4A5D006451C7 /* Resources */ = {
			isa = PBXResourcesBuildPhase;
			buildActionMask = 2147483647;
			files = (
			);
			runOnlyForDeploymentPostprocessing = 0;
		};
/* End PBXResourcesBuildPhase section */

/* Begin PBXShellScriptBuildPhase section */
		00DD1BFF1BD5951E006B06BC /* Bundle React Native code and images */ = {
			isa = PBXShellScriptBuildPhase;
			buildActionMask = 2147483647;
			files = (
			);
			inputPaths = (
			);
			name = "Bundle React Native code and images";
			outputPaths = (
			);
			runOnlyForDeploymentPostprocessing = 0;
			shellPath = /bin/sh;
			shellScript = "export NODE_BINARY=node\n../node_modules/react-native/scripts/react-native-xcode.sh";
		};
		2D02E4CB1E0B4B27006451C7 /* Bundle React Native Code And Images */ = {
			isa = PBXShellScriptBuildPhase;
			buildActionMask = 2147483647;
			files = (
			);
			inputPaths = (
			);
			name = "Bundle React Native Code And Images";
			outputPaths = (
			);
			runOnlyForDeploymentPostprocessing = 0;
			shellPath = /bin/sh;
			shellScript = "export NODE_BINARY=node\n../node_modules/react-native/scripts/react-native-xcode.sh";
		};
		4508F6A0F111BAF240C34C3C /* [CP] Check Pods Manifest.lock */ = {
			isa = PBXShellScriptBuildPhase;
			buildActionMask = 2147483647;
			files = (
			);
			inputFileListPaths = (
			);
			inputPaths = (
				"${PODS_PODFILE_DIR_PATH}/Podfile.lock",
				"${PODS_ROOT}/Manifest.lock",
			);
			name = "[CP] Check Pods Manifest.lock";
			outputFileListPaths = (
			);
			outputPaths = (
				"$(DERIVED_FILE_DIR)/Pods-helpchat_patienten-tvOSTests-checkManifestLockResult.txt",
			);
			runOnlyForDeploymentPostprocessing = 0;
			shellPath = /bin/sh;
			shellScript = "diff \"${PODS_PODFILE_DIR_PATH}/Podfile.lock\" \"${PODS_ROOT}/Manifest.lock\" > /dev/null\nif [ $? != 0 ] ; then\n    # print error to STDERR\n    echo \"error: The sandbox is not in sync with the Podfile.lock. Run 'pod install' or update your CocoaPods installation.\" >&2\n    exit 1\nfi\n# This output is used by Xcode 'outputs' to avoid re-running this script phase.\necho \"SUCCESS\" > \"${SCRIPT_OUTPUT_FILE_0}\"\n";
			showEnvVarsInLog = 0;
		};
		5CB07F6A287FCE2E9B7ABA3E /* [CP] Copy Pods Resources */ = {
			isa = PBXShellScriptBuildPhase;
			buildActionMask = 2147483647;
			files = (
			);
			inputPaths = (
				"${PODS_ROOT}/Target Support Files/Pods-helpchat_patienten-helpchat_patientenTests/Pods-helpchat_patienten-helpchat_patientenTests-resources.sh",
				"${PODS_CONFIGURATION_BUILD_DIR}/React-Core/AccessibilityResources.bundle",
			);
			name = "[CP] Copy Pods Resources";
			outputPaths = (
				"${TARGET_BUILD_DIR}/${UNLOCALIZED_RESOURCES_FOLDER_PATH}/AccessibilityResources.bundle",
			);
			runOnlyForDeploymentPostprocessing = 0;
			shellPath = /bin/sh;
			shellScript = "\"${PODS_ROOT}/Target Support Files/Pods-helpchat_patienten-helpchat_patientenTests/Pods-helpchat_patienten-helpchat_patientenTests-resources.sh\"\n";
			showEnvVarsInLog = 0;
		};
		8CEC44544955E715576A0D38 /* [CP] Check Pods Manifest.lock */ = {
			isa = PBXShellScriptBuildPhase;
			buildActionMask = 2147483647;
			files = (
			);
			inputFileListPaths = (
			);
			inputPaths = (
				"${PODS_PODFILE_DIR_PATH}/Podfile.lock",
				"${PODS_ROOT}/Manifest.lock",
			);
			name = "[CP] Check Pods Manifest.lock";
			outputFileListPaths = (
			);
			outputPaths = (
				"$(DERIVED_FILE_DIR)/Pods-helpchat_patienten-checkManifestLockResult.txt",
			);
			runOnlyForDeploymentPostprocessing = 0;
			shellPath = /bin/sh;
			shellScript = "diff \"${PODS_PODFILE_DIR_PATH}/Podfile.lock\" \"${PODS_ROOT}/Manifest.lock\" > /dev/null\nif [ $? != 0 ] ; then\n    # print error to STDERR\n    echo \"error: The sandbox is not in sync with the Podfile.lock. Run 'pod install' or update your CocoaPods installation.\" >&2\n    exit 1\nfi\n# This output is used by Xcode 'outputs' to avoid re-running this script phase.\necho \"SUCCESS\" > \"${SCRIPT_OUTPUT_FILE_0}\"\n";
			showEnvVarsInLog = 0;
		};
		9668A46F28EB0C597E9E3839 /* [CP] Check Pods Manifest.lock */ = {
			isa = PBXShellScriptBuildPhase;
			buildActionMask = 2147483647;
			files = (
			);
			inputFileListPaths = (
			);
			inputPaths = (
				"${PODS_PODFILE_DIR_PATH}/Podfile.lock",
				"${PODS_ROOT}/Manifest.lock",
			);
			name = "[CP] Check Pods Manifest.lock";
			outputFileListPaths = (
			);
			outputPaths = (
				"$(DERIVED_FILE_DIR)/Pods-helpchat_patienten-tvOS-checkManifestLockResult.txt",
			);
			runOnlyForDeploymentPostprocessing = 0;
			shellPath = /bin/sh;
			shellScript = "diff \"${PODS_PODFILE_DIR_PATH}/Podfile.lock\" \"${PODS_ROOT}/Manifest.lock\" > /dev/null\nif [ $? != 0 ] ; then\n    # print error to STDERR\n    echo \"error: The sandbox is not in sync with the Podfile.lock. Run 'pod install' or update your CocoaPods installation.\" >&2\n    exit 1\nfi\n# This output is used by Xcode 'outputs' to avoid re-running this script phase.\necho \"SUCCESS\" > \"${SCRIPT_OUTPUT_FILE_0}\"\n";
			showEnvVarsInLog = 0;
		};
		BC7A91A3EC8F8445A9C3C00A /* [CP] Copy Pods Resources */ = {
			isa = PBXShellScriptBuildPhase;
			buildActionMask = 2147483647;
			files = (
			);
			inputPaths = (
				"${PODS_ROOT}/Target Support Files/Pods-helpchat_patienten/Pods-helpchat_patienten-resources.sh",
				"${PODS_CONFIGURATION_BUILD_DIR}/React-Core/AccessibilityResources.bundle",
			);
			name = "[CP] Copy Pods Resources";
			outputPaths = (
				"${TARGET_BUILD_DIR}/${UNLOCALIZED_RESOURCES_FOLDER_PATH}/AccessibilityResources.bundle",
			);
			runOnlyForDeploymentPostprocessing = 0;
			shellPath = /bin/sh;
			shellScript = "\"${PODS_ROOT}/Target Support Files/Pods-helpchat_patienten/Pods-helpchat_patienten-resources.sh\"\n";
			showEnvVarsInLog = 0;
		};
		C8E87DC6E87F723D872D3DB5 /* [CP] Check Pods Manifest.lock */ = {
			isa = PBXShellScriptBuildPhase;
			buildActionMask = 2147483647;
			files = (
			);
			inputFileListPaths = (
			);
			inputPaths = (
				"${PODS_PODFILE_DIR_PATH}/Podfile.lock",
				"${PODS_ROOT}/Manifest.lock",
			);
			name = "[CP] Check Pods Manifest.lock";
			outputFileListPaths = (
			);
			outputPaths = (
				"$(DERIVED_FILE_DIR)/Pods-helpchat_patienten-helpchat_patientenTests-checkManifestLockResult.txt",
			);
			runOnlyForDeploymentPostprocessing = 0;
			shellPath = /bin/sh;
			shellScript = "diff \"${PODS_PODFILE_DIR_PATH}/Podfile.lock\" \"${PODS_ROOT}/Manifest.lock\" > /dev/null\nif [ $? != 0 ] ; then\n    # print error to STDERR\n    echo \"error: The sandbox is not in sync with the Podfile.lock. Run 'pod install' or update your CocoaPods installation.\" >&2\n    exit 1\nfi\n# This output is used by Xcode 'outputs' to avoid re-running this script phase.\necho \"SUCCESS\" > \"${SCRIPT_OUTPUT_FILE_0}\"\n";
			showEnvVarsInLog = 0;
		};
		FD10A7F022414F080027D42C /* Start Packager */ = {
			isa = PBXShellScriptBuildPhase;
			buildActionMask = 2147483647;
			files = (
			);
			inputFileListPaths = (
			);
			inputPaths = (
			);
			name = "Start Packager";
			outputFileListPaths = (
			);
			outputPaths = (
			);
			runOnlyForDeploymentPostprocessing = 0;
			shellPath = /bin/sh;
			shellScript = "export RCT_METRO_PORT=\"${RCT_METRO_PORT:=8081}\"\necho \"export RCT_METRO_PORT=${RCT_METRO_PORT}\" > \"${SRCROOT}/../node_modules/react-native/scripts/.packager.env\"\nif [ -z \"${RCT_NO_LAUNCH_PACKAGER+xxx}\" ] ; then\n  if nc -w 5 -z localhost ${RCT_METRO_PORT} ; then\n    if ! curl -s \"http://localhost:${RCT_METRO_PORT}/status\" | grep -q \"packager-status:running\" ; then\n      echo \"Port ${RCT_METRO_PORT} already in use, packager is either not running or not running correctly\"\n      exit 2\n    fi\n  else\n    open \"$SRCROOT/../node_modules/react-native/scripts/launchPackager.command\" || echo \"Can't start packager automatically\"\n  fi\nfi\n";
			showEnvVarsInLog = 0;
		};
		FD10A7F122414F3F0027D42C /* Start Packager */ = {
			isa = PBXShellScriptBuildPhase;
			buildActionMask = 2147483647;
			files = (
			);
			inputFileListPaths = (
			);
			inputPaths = (
			);
			name = "Start Packager";
			outputFileListPaths = (
			);
			outputPaths = (
			);
			runOnlyForDeploymentPostprocessing = 0;
			shellPath = /bin/sh;
			shellScript = "export RCT_METRO_PORT=\"${RCT_METRO_PORT:=8081}\"\necho \"export RCT_METRO_PORT=${RCT_METRO_PORT}\" > \"${SRCROOT}/../node_modules/react-native/scripts/.packager.env\"\nif [ -z \"${RCT_NO_LAUNCH_PACKAGER+xxx}\" ] ; then\n  if nc -w 5 -z localhost ${RCT_METRO_PORT} ; then\n    if ! curl -s \"http://localhost:${RCT_METRO_PORT}/status\" | grep -q \"packager-status:running\" ; then\n      echo \"Port ${RCT_METRO_PORT} already in use, packager is either not running or not running correctly\"\n      exit 2\n    fi\n  else\n    open \"$SRCROOT/../node_modules/react-native/scripts/launchPackager.command\" || echo \"Can't start packager automatically\"\n  fi\nfi\n";
			showEnvVarsInLog = 0;
		};
/* End PBXShellScriptBuildPhase section */

/* Begin PBXSourcesBuildPhase section */
		00E356EA1AD99517003FC87E /* Sources */ = {
			isa = PBXSourcesBuildPhase;
			buildActionMask = 2147483647;
			files = (
				00E356F31AD99517003FC87E /* helpchat_patientenTests.m in Sources */,
			);
			runOnlyForDeploymentPostprocessing = 0;
		};
		13B07F871A680F5B00A75B9A /* Sources */ = {
			isa = PBXSourcesBuildPhase;
			buildActionMask = 2147483647;
			files = (
				13B07FBC1A68108700A75B9A /* AppDelegate.m in Sources */,
				13B07FC11A68108700A75B9A /* main.m in Sources */,
			);
			runOnlyForDeploymentPostprocessing = 0;
		};
		2D02E4771E0B4A5D006451C7 /* Sources */ = {
			isa = PBXSourcesBuildPhase;
			buildActionMask = 2147483647;
			files = (
				2D02E4BF1E0B4AB3006451C7 /* main.m in Sources */,
				2D02E4BC1E0B4A80006451C7 /* AppDelegate.m in Sources */,
			);
			runOnlyForDeploymentPostprocessing = 0;
		};
		2D02E48C1E0B4A5D006451C7 /* Sources */ = {
			isa = PBXSourcesBuildPhase;
			buildActionMask = 2147483647;
			files = (
				2DCD954D1E0B4F2C00145EB5 /* helpchat_patientenTests.m in Sources */,
			);
			runOnlyForDeploymentPostprocessing = 0;
		};
/* End PBXSourcesBuildPhase section */

/* Begin PBXTargetDependency section */
		00E356F51AD99517003FC87E /* PBXTargetDependency */ = {
			isa = PBXTargetDependency;
			target = 13B07F861A680F5B00A75B9A /* helpchat_patienten */;
			targetProxy = 00E356F41AD99517003FC87E /* PBXContainerItemProxy */;
		};
		2D02E4921E0B4A5D006451C7 /* PBXTargetDependency */ = {
			isa = PBXTargetDependency;
			target = 2D02E47A1E0B4A5D006451C7 /* helpchat_patienten-tvOS */;
			targetProxy = 2D02E4911E0B4A5D006451C7 /* PBXContainerItemProxy */;
		};
/* End PBXTargetDependency section */

/* Begin XCBuildConfiguration section */
		00E356F61AD99517003FC87E /* Debug */ = {
			isa = XCBuildConfiguration;
			baseConfigurationReference = 56720A6521E71619880DF267 /* Pods-helpchat_patienten-helpchat_patientenTests.debug.xcconfig */;
			buildSettings = {
				BUNDLE_LOADER = "$(TEST_HOST)";
				DEVELOPMENT_TEAM = X86WPQ6D27;
				GCC_PREPROCESSOR_DEFINITIONS = (
					"DEBUG=1",
					"$(inherited)",
				);
				INFOPLIST_FILE = helpchat_patientenTests/Info.plist;
				IPHONEOS_DEPLOYMENT_TARGET = 10.0;
				LD_RUNPATH_SEARCH_PATHS = "$(inherited) @executable_path/Frameworks @loader_path/Frameworks";
				OTHER_LDFLAGS = (
					"-ObjC",
					"-lc++",
					"$(inherited)",
				);
				PRODUCT_BUNDLE_IDENTIFIER = "org.reactjs.native.example.$(PRODUCT_NAME:rfc1034identifier)";
				PRODUCT_NAME = "$(TARGET_NAME)";
				TEST_HOST = "$(BUILT_PRODUCTS_DIR)/helpchat_patienten.app/helpchat_patienten";
			};
			name = Debug;
		};
		00E356F71AD99517003FC87E /* Release */ = {
			isa = XCBuildConfiguration;
			baseConfigurationReference = 50C2B489BBAA994D93807897 /* Pods-helpchat_patienten-helpchat_patientenTests.release.xcconfig */;
			buildSettings = {
				BUNDLE_LOADER = "$(TEST_HOST)";
				COPY_PHASE_STRIP = NO;
				DEVELOPMENT_TEAM = X86WPQ6D27;
				INFOPLIST_FILE = helpchat_patientenTests/Info.plist;
				IPHONEOS_DEPLOYMENT_TARGET = 10.0;
				LD_RUNPATH_SEARCH_PATHS = "$(inherited) @executable_path/Frameworks @loader_path/Frameworks";
				OTHER_LDFLAGS = (
					"-ObjC",
					"-lc++",
					"$(inherited)",
				);
				PRODUCT_BUNDLE_IDENTIFIER = "org.reactjs.native.example.$(PRODUCT_NAME:rfc1034identifier)";
				PRODUCT_NAME = "$(TARGET_NAME)";
				TEST_HOST = "$(BUILT_PRODUCTS_DIR)/helpchat_patienten.app/helpchat_patienten";
			};
			name = Release;
		};
		13B07F941A680F5B00A75B9A /* Debug */ = {
			isa = XCBuildConfiguration;
			baseConfigurationReference = 928874EAC8C487D6035C356B /* Pods-helpchat_patienten.debug.xcconfig */;
			buildSettings = {
				ASSETCATALOG_COMPILER_APPICON_NAME = AppIcon;
				CLANG_ENABLE_MODULES = YES;
				CURRENT_PROJECT_VERSION = 1;
				DEVELOPMENT_TEAM = X86WPQ6D27;
				ENABLE_BITCODE = NO;
				INFOPLIST_FILE = helpchat_patienten/Info.plist;
				LD_RUNPATH_SEARCH_PATHS = "$(inherited) @executable_path/Frameworks";
				OTHER_LDFLAGS = (
					"$(inherited)",
					"-ObjC",
					"-lc++",
				);
				PRODUCT_BUNDLE_IDENTIFIER = "org.reactjs.native.example.$(PRODUCT_NAME:rfc1034identifier)";
				PRODUCT_NAME = helpchat_patienten;
				SWIFT_OPTIMIZATION_LEVEL = "-Onone";
				SWIFT_VERSION = 5.0;
				VERSIONING_SYSTEM = "apple-generic";
			};
			name = Debug;
		};
		13B07F951A680F5B00A75B9A /* Release */ = {
			isa = XCBuildConfiguration;
			baseConfigurationReference = 987B5A64A4526A85992A45DC /* Pods-helpchat_patienten.release.xcconfig */;
			buildSettings = {
				ASSETCATALOG_COMPILER_APPICON_NAME = AppIcon;
				CLANG_ENABLE_MODULES = YES;
				CURRENT_PROJECT_VERSION = 1;
				DEVELOPMENT_TEAM = X86WPQ6D27;
				INFOPLIST_FILE = helpchat_patienten/Info.plist;
				LD_RUNPATH_SEARCH_PATHS = "$(inherited) @executable_path/Frameworks";
				OTHER_LDFLAGS = (
					"$(inherited)",
					"-ObjC",
					"-lc++",
				);
				PRODUCT_BUNDLE_IDENTIFIER = "org.reactjs.native.example.$(PRODUCT_NAME:rfc1034identifier)";
				PRODUCT_NAME = helpchat_patienten;
				SWIFT_VERSION = 5.0;
				VERSIONING_SYSTEM = "apple-generic";
			};
			name = Release;
		};
		2D02E4971E0B4A5E006451C7 /* Debug */ = {
			isa = XCBuildConfiguration;
			baseConfigurationReference = 7EBB526AFD58E0BEFB6E9B1F /* Pods-helpchat_patienten-tvOS.debug.xcconfig */;
			buildSettings = {
				ASSETCATALOG_COMPILER_APPICON_NAME = "App Icon & Top Shelf Image";
				ASSETCATALOG_COMPILER_LAUNCHIMAGE_NAME = LaunchImage;
				CLANG_ANALYZER_NONNULL = YES;
				CLANG_WARN_DOCUMENTATION_COMMENTS = YES;
				CLANG_WARN_INFINITE_RECURSION = YES;
				CLANG_WARN_SUSPICIOUS_MOVE = YES;
				DEBUG_INFORMATION_FORMAT = dwarf;
				DEVELOPMENT_TEAM = X86WPQ6D27;
				ENABLE_TESTABILITY = YES;
				GCC_NO_COMMON_BLOCKS = YES;
				INFOPLIST_FILE = "helpchat_patienten-tvOS/Info.plist";
				LD_RUNPATH_SEARCH_PATHS = "$(inherited) @executable_path/Frameworks";
				OTHER_LDFLAGS = (
					"$(inherited)",
					"-ObjC",
					"-lc++",
				);
				PRODUCT_BUNDLE_IDENTIFIER = "org.reactjs.native.example.helpchat_patienten-tvOS";
				PRODUCT_NAME = "$(TARGET_NAME)";
				SDKROOT = appletvos;
				TARGETED_DEVICE_FAMILY = 3;
				TVOS_DEPLOYMENT_TARGET = 10.0;
			};
			name = Debug;
		};
		2D02E4981E0B4A5E006451C7 /* Release */ = {
			isa = XCBuildConfiguration;
			baseConfigurationReference = B1D68ED3556EC5FCE1A007D7 /* Pods-helpchat_patienten-tvOS.release.xcconfig */;
			buildSettings = {
				ASSETCATALOG_COMPILER_APPICON_NAME = "App Icon & Top Shelf Image";
				ASSETCATALOG_COMPILER_LAUNCHIMAGE_NAME = LaunchImage;
				CLANG_ANALYZER_NONNULL = YES;
				CLANG_WARN_DOCUMENTATION_COMMENTS = YES;
				CLANG_WARN_INFINITE_RECURSION = YES;
				CLANG_WARN_SUSPICIOUS_MOVE = YES;
				COPY_PHASE_STRIP = NO;
				DEBUG_INFORMATION_FORMAT = "dwarf-with-dsym";
				DEVELOPMENT_TEAM = X86WPQ6D27;
				GCC_NO_COMMON_BLOCKS = YES;
				INFOPLIST_FILE = "helpchat_patienten-tvOS/Info.plist";
				LD_RUNPATH_SEARCH_PATHS = "$(inherited) @executable_path/Frameworks";
				OTHER_LDFLAGS = (
					"$(inherited)",
					"-ObjC",
					"-lc++",
				);
				PRODUCT_BUNDLE_IDENTIFIER = "org.reactjs.native.example.helpchat_patienten-tvOS";
				PRODUCT_NAME = "$(TARGET_NAME)";
				SDKROOT = appletvos;
				TARGETED_DEVICE_FAMILY = 3;
				TVOS_DEPLOYMENT_TARGET = 10.0;
			};
			name = Release;
		};
		2D02E4991E0B4A5E006451C7 /* Debug */ = {
			isa = XCBuildConfiguration;
			baseConfigurationReference = 7CE46021142B5DD906EDF91F /* Pods-helpchat_patienten-tvOSTests.debug.xcconfig */;
			buildSettings = {
				BUNDLE_LOADER = "$(TEST_HOST)";
				CLANG_ANALYZER_NONNULL = YES;
				CLANG_WARN_DOCUMENTATION_COMMENTS = YES;
				CLANG_WARN_INFINITE_RECURSION = YES;
				CLANG_WARN_SUSPICIOUS_MOVE = YES;
				DEBUG_INFORMATION_FORMAT = dwarf;
				DEVELOPMENT_TEAM = X86WPQ6D27;
				ENABLE_TESTABILITY = YES;
				GCC_NO_COMMON_BLOCKS = YES;
				INFOPLIST_FILE = "helpchat_patienten-tvOSTests/Info.plist";
				LD_RUNPATH_SEARCH_PATHS = "$(inherited) @executable_path/Frameworks @loader_path/Frameworks";
				OTHER_LDFLAGS = (
					"$(inherited)",
					"-ObjC",
					"-lc++",
				);
				PRODUCT_BUNDLE_IDENTIFIER = "org.reactjs.native.example.helpchat_patienten-tvOSTests";
				PRODUCT_NAME = "$(TARGET_NAME)";
				SDKROOT = appletvos;
				TEST_HOST = "$(BUILT_PRODUCTS_DIR)/helpchat_patienten-tvOS.app/helpchat_patienten-tvOS";
				TVOS_DEPLOYMENT_TARGET = 10.1;
			};
			name = Debug;
		};
		2D02E49A1E0B4A5E006451C7 /* Release */ = {
			isa = XCBuildConfiguration;
			baseConfigurationReference = 337A8801F62CA6FFA4341860 /* Pods-helpchat_patienten-tvOSTests.release.xcconfig */;
			buildSettings = {
				BUNDLE_LOADER = "$(TEST_HOST)";
				CLANG_ANALYZER_NONNULL = YES;
				CLANG_WARN_DOCUMENTATION_COMMENTS = YES;
				CLANG_WARN_INFINITE_RECURSION = YES;
				CLANG_WARN_SUSPICIOUS_MOVE = YES;
				COPY_PHASE_STRIP = NO;
				DEBUG_INFORMATION_FORMAT = "dwarf-with-dsym";
				DEVELOPMENT_TEAM = X86WPQ6D27;
				GCC_NO_COMMON_BLOCKS = YES;
				INFOPLIST_FILE = "helpchat_patienten-tvOSTests/Info.plist";
				LD_RUNPATH_SEARCH_PATHS = "$(inherited) @executable_path/Frameworks @loader_path/Frameworks";
				OTHER_LDFLAGS = (
					"$(inherited)",
					"-ObjC",
					"-lc++",
				);
				PRODUCT_BUNDLE_IDENTIFIER = "org.reactjs.native.example.helpchat_patienten-tvOSTests";
				PRODUCT_NAME = "$(TARGET_NAME)";
				SDKROOT = appletvos;
				TEST_HOST = "$(BUILT_PRODUCTS_DIR)/helpchat_patienten-tvOS.app/helpchat_patienten-tvOS";
				TVOS_DEPLOYMENT_TARGET = 10.1;
			};
			name = Release;
		};
		83CBBA201A601CBA00E9B192 /* Debug */ = {
			isa = XCBuildConfiguration;
			buildSettings = {
				ALWAYS_SEARCH_USER_PATHS = NO;
				CLANG_ANALYZER_LOCALIZABILITY_NONLOCALIZED = YES;
				CLANG_CXX_LANGUAGE_STANDARD = "gnu++0x";
				CLANG_CXX_LIBRARY = "libc++";
				CLANG_ENABLE_MODULES = YES;
				CLANG_ENABLE_OBJC_ARC = YES;
				CLANG_WARN_BLOCK_CAPTURE_AUTORELEASING = YES;
				CLANG_WARN_BOOL_CONVERSION = YES;
				CLANG_WARN_COMMA = YES;
				CLANG_WARN_CONSTANT_CONVERSION = YES;
				CLANG_WARN_DEPRECATED_OBJC_IMPLEMENTATIONS = YES;
				CLANG_WARN_DIRECT_OBJC_ISA_USAGE = YES_ERROR;
				CLANG_WARN_EMPTY_BODY = YES;
				CLANG_WARN_ENUM_CONVERSION = YES;
				CLANG_WARN_INFINITE_RECURSION = YES;
				CLANG_WARN_INT_CONVERSION = YES;
				CLANG_WARN_NON_LITERAL_NULL_CONVERSION = YES;
				CLANG_WARN_OBJC_IMPLICIT_RETAIN_SELF = YES;
				CLANG_WARN_OBJC_LITERAL_CONVERSION = YES;
				CLANG_WARN_OBJC_ROOT_CLASS = YES_ERROR;
				CLANG_WARN_RANGE_LOOP_ANALYSIS = YES;
				CLANG_WARN_STRICT_PROTOTYPES = YES;
				CLANG_WARN_SUSPICIOUS_MOVE = YES;
				CLANG_WARN_UNREACHABLE_CODE = YES;
				CLANG_WARN__DUPLICATE_METHOD_MATCH = YES;
				"CODE_SIGN_IDENTITY[sdk=iphoneos*]" = "iPhone Developer";
				COPY_PHASE_STRIP = NO;
				ENABLE_STRICT_OBJC_MSGSEND = YES;
				ENABLE_TESTABILITY = YES;
				GCC_C_LANGUAGE_STANDARD = gnu99;
				GCC_DYNAMIC_NO_PIC = NO;
				GCC_NO_COMMON_BLOCKS = YES;
				GCC_OPTIMIZATION_LEVEL = 0;
				GCC_PREPROCESSOR_DEFINITIONS = (
					"DEBUG=1",
					"$(inherited)",
				);
				GCC_SYMBOLS_PRIVATE_EXTERN = NO;
				GCC_WARN_64_TO_32_BIT_CONVERSION = YES;
				GCC_WARN_ABOUT_RETURN_TYPE = YES_ERROR;
				GCC_WARN_UNDECLARED_SELECTOR = YES;
				GCC_WARN_UNINITIALIZED_AUTOS = YES_AGGRESSIVE;
				GCC_WARN_UNUSED_FUNCTION = YES;
				GCC_WARN_UNUSED_VARIABLE = YES;
				IPHONEOS_DEPLOYMENT_TARGET = 10.0;
				LD_RUNPATH_SEARCH_PATHS = "/usr/lib/swift $(inherited)";
				LIBRARY_SEARCH_PATHS = (
					"\"$(TOOLCHAIN_DIR)/usr/lib/swift/$(PLATFORM_NAME)\"",
					"\"$(TOOLCHAIN_DIR)/usr/lib/swift-5.0/$(PLATFORM_NAME)\"",
					"\"$(inherited)\"",
				);
				MTL_ENABLE_DEBUG_INFO = YES;
				ONLY_ACTIVE_ARCH = YES;
				SDKROOT = iphoneos;
			};
			name = Debug;
		};
		83CBBA211A601CBA00E9B192 /* Release */ = {
			isa = XCBuildConfiguration;
			buildSettings = {
				ALWAYS_SEARCH_USER_PATHS = NO;
				CLANG_ANALYZER_LOCALIZABILITY_NONLOCALIZED = YES;
				CLANG_CXX_LANGUAGE_STANDARD = "gnu++0x";
				CLANG_CXX_LIBRARY = "libc++";
				CLANG_ENABLE_MODULES = YES;
				CLANG_ENABLE_OBJC_ARC = YES;
				CLANG_WARN_BLOCK_CAPTURE_AUTORELEASING = YES;
				CLANG_WARN_BOOL_CONVERSION = YES;
				CLANG_WARN_COMMA = YES;
				CLANG_WARN_CONSTANT_CONVERSION = YES;
				CLANG_WARN_DEPRECATED_OBJC_IMPLEMENTATIONS = YES;
				CLANG_WARN_DIRECT_OBJC_ISA_USAGE = YES_ERROR;
				CLANG_WARN_EMPTY_BODY = YES;
				CLANG_WARN_ENUM_CONVERSION = YES;
				CLANG_WARN_INFINITE_RECURSION = YES;
				CLANG_WARN_INT_CONVERSION = YES;
				CLANG_WARN_NON_LITERAL_NULL_CONVERSION = YES;
				CLANG_WARN_OBJC_IMPLICIT_RETAIN_SELF = YES;
				CLANG_WARN_OBJC_LITERAL_CONVERSION = YES;
				CLANG_WARN_OBJC_ROOT_CLASS = YES_ERROR;
				CLANG_WARN_RANGE_LOOP_ANALYSIS = YES;
				CLANG_WARN_STRICT_PROTOTYPES = YES;
				CLANG_WARN_SUSPICIOUS_MOVE = YES;
				CLANG_WARN_UNREACHABLE_CODE = YES;
				CLANG_WARN__DUPLICATE_METHOD_MATCH = YES;
				"CODE_SIGN_IDENTITY[sdk=iphoneos*]" = "iPhone Developer";
				COPY_PHASE_STRIP = YES;
				ENABLE_NS_ASSERTIONS = NO;
				ENABLE_STRICT_OBJC_MSGSEND = YES;
				GCC_C_LANGUAGE_STANDARD = gnu99;
				GCC_NO_COMMON_BLOCKS = YES;
				GCC_WARN_64_TO_32_BIT_CONVERSION = YES;
				GCC_WARN_ABOUT_RETURN_TYPE = YES_ERROR;
				GCC_WARN_UNDECLARED_SELECTOR = YES;
				GCC_WARN_UNINITIALIZED_AUTOS = YES_AGGRESSIVE;
				GCC_WARN_UNUSED_FUNCTION = YES;
				GCC_WARN_UNUSED_VARIABLE = YES;
				IPHONEOS_DEPLOYMENT_TARGET = 10.0;
				LD_RUNPATH_SEARCH_PATHS = "/usr/lib/swift $(inherited)";
				LIBRARY_SEARCH_PATHS = (
					"\"$(TOOLCHAIN_DIR)/usr/lib/swift/$(PLATFORM_NAME)\"",
					"\"$(TOOLCHAIN_DIR)/usr/lib/swift-5.0/$(PLATFORM_NAME)\"",
					"\"$(inherited)\"",
				);
				MTL_ENABLE_DEBUG_INFO = NO;
				SDKROOT = iphoneos;
				VALIDATE_PRODUCT = YES;
			};
			name = Release;
		};
/* End XCBuildConfiguration section */

/* Begin XCConfigurationList section */
		00E357021AD99517003FC87E /* Build configuration list for PBXNativeTarget "helpchat_patientenTests" */ = {
			isa = XCConfigurationList;
			buildConfigurations = (
				00E356F61AD99517003FC87E /* Debug */,
				00E356F71AD99517003FC87E /* Release */,
			);
			defaultConfigurationIsVisible = 0;
			defaultConfigurationName = Release;
		};
		13B07F931A680F5B00A75B9A /* Build configuration list for PBXNativeTarget "helpchat_patienten" */ = {
			isa = XCConfigurationList;
			buildConfigurations = (
				13B07F941A680F5B00A75B9A /* Debug */,
				13B07F951A680F5B00A75B9A /* Release */,
			);
			defaultConfigurationIsVisible = 0;
			defaultConfigurationName = Release;
		};
		2D02E4BA1E0B4A5E006451C7 /* Build configuration list for PBXNativeTarget "helpchat_patienten-tvOS" */ = {
			isa = XCConfigurationList;
			buildConfigurations = (
				2D02E4971E0B4A5E006451C7 /* Debug */,
				2D02E4981E0B4A5E006451C7 /* Release */,
			);
			defaultConfigurationIsVisible = 0;
			defaultConfigurationName = Release;
		};
		2D02E4BB1E0B4A5E006451C7 /* Build configuration list for PBXNativeTarget "helpchat_patienten-tvOSTests" */ = {
			isa = XCConfigurationList;
			buildConfigurations = (
				2D02E4991E0B4A5E006451C7 /* Debug */,
				2D02E49A1E0B4A5E006451C7 /* Release */,
			);
			defaultConfigurationIsVisible = 0;
			defaultConfigurationName = Release;
		};
		83CBB9FA1A601CBA00E9B192 /* Build configuration list for PBXProject "helpchat_patienten" */ = {
			isa = XCConfigurationList;
			buildConfigurations = (
				83CBBA201A601CBA00E9B192 /* Debug */,
				83CBBA211A601CBA00E9B192 /* Release */,
			);
			defaultConfigurationIsVisible = 0;
			defaultConfigurationName = Release;
		};
/* End XCConfigurationList section */
	};
	rootObject = 83CBB9F71A601CBA00E9B192 /* Project object */;
}
